
Microsoft Visual Studio Solution File, Format Version 12.00
# Visual Studio Version 16
VisualStudioVersion = 25.0.1706.0
MinimumVisualStudioVersion = 10.0.40219.1
Project("{FAE04EC0-301F-11D3-BF4B-00C04F79EFBC}") = "crudSQL_ORM", "crudSQL_ORM.csproj", "{6A3AEE8D-AF4F-448C-A982-15EE0B189D4A}"
EndProject
Global
	GlobalSection(SolutionConfigurationPlatforms) = preSolution
		Debug|Any CPU = Debug|Any CPU
		Release|Any CPU = Release|Any CPU
	EndGlobalSection
	GlobalSection(ProjectConfigurationPlatforms) = postSolution
		{6A3AEE8D-AF4F-448C-A982-15EE0B189D4A}.Debug|Any CPU.ActiveCfg = Debug|Any CPU
		{6A3AEE8D-AF4F-448C-A982-15EE0B189D4A}.Debug|Any CPU.Build.0 = Debug|Any CPU
		{6A3AEE8D-AF4F-448C-A982-15EE0B189D4A}.Release|Any CPU.ActiveCfg = Release|Any CPU
		{6A3AEE8D-AF4F-448C-A982-15EE0B189D4A}.Release|Any CPU.Build.0 = Release|Any CPU
	EndGlobalSection
	GlobalSection(SolutionProperties) = preSolution
		HideSolutionNode = FALSE
	EndGlobalSection
	GlobalSection(ExtensibilityGlobals) = postSolution
		SolutionGuid = {A2A26DC1-7104-44B4-9C08-66C0A4E65524}
	EndGlobalSection
EndGlobal
