
Microsoft Visual Studio Solution File, Format Version 12.00
# Visual Studio Version 16
VisualStudioVersion = 25.0.1705.5
MinimumVisualStudioVersion = 10.0.40219.1
Project("{FAE04EC0-301F-11D3-BF4B-00C04F79EFBC}") = "HelloWorld", "HelloWorld\HelloWorld.csproj", "{EA48A369-823E-4C17-B68D-E0F9D0FBCFE8}"
EndProject
Global
	GlobalSection(SolutionConfigurationPlatforms) = preSolution
		Debug|Any CPU = Debug|Any CPU
		Release|Any CPU = Release|Any CPU
	EndGlobalSection
	GlobalSection(ProjectConfigurationPlatforms) = postSolution
		{EA48A369-823E-4C17-B68D-E0F9D0FBCFE8}.Debug|Any CPU.ActiveCfg = Debug|Any CPU
		{EA48A369-823E-4C17-B68D-E0F9D0FBCFE8}.Debug|Any CPU.Build.0 = Debug|Any CPU
		{EA48A369-823E-4C17-B68D-E0F9D0FBCFE8}.Release|Any CPU.ActiveCfg = Release|Any CPU
		{EA48A369-823E-4C17-B68D-E0F9D0FBCFE8}.Release|Any CPU.Build.0 = Release|Any CPU
	EndGlobalSection
	GlobalSection(SolutionProperties) = preSolution
		HideSolutionNode = FALSE
	EndGlobalSection
	GlobalSection(ExtensibilityGlobals) = postSolution
		SolutionGuid = {CF7F697C-BA67-4516-879B-937DB694D40C}
	EndGlobalSection
EndGlobal
